
Microsoft Visual Studio Solution File, Format Version 12.00
# Visual Studio Version 16
VisualStudioVersion = 16.0.810.19
MinimumVisualStudioVersion = 10.0.40219.1
Project("{FAE04EC0-301F-11D3-BF4B-00C04F79EFBC}") = "mission8", "mission8\mission8.csproj", "{A33B1E93-BF23-4942-BB55-E7607BD5DBE1}"
EndProject
Global
	GlobalSection(SolutionConfigurationPlatforms) = preSolution
		Debug|Any CPU = Debug|Any CPU
		Release|Any CPU = Release|Any CPU
	EndGlobalSection
	GlobalSection(ProjectConfigurationPlatforms) = postSolution
		{A33B1E93-BF23-4942-BB55-E7607BD5DBE1}.Debug|Any CPU.ActiveCfg = Debug|Any CPU
		{A33B1E93-BF23-4942-BB55-E7607BD5DBE1}.Debug|Any CPU.Build.0 = Debug|Any CPU
		{A33B1E93-BF23-4942-BB55-E7607BD5DBE1}.Release|Any CPU.ActiveCfg = Release|Any CPU
		{A33B1E93-BF23-4942-BB55-E7607BD5DBE1}.Release|Any CPU.Build.0 = Release|Any CPU
	EndGlobalSection
	GlobalSection(SolutionProperties) = preSolution
		HideSolutionNode = FALSE
	EndGlobalSection
	GlobalSection(ExtensibilityGlobals) = postSolution
		SolutionGuid = {95FA7EE5-C855-4445-93FC-4EE5EDEF25C7}
	EndGlobalSection
EndGlobal
